
Microsoft Visual Studio Solution File, Format Version 12.00
Project("{FAE04EC0-301F-11D3-BF4B-00C04F79EFBC}") = "TextRPG", "TextRPG.csproj", "{0946C2FD-0481-4CB7-B2E9-D7B0F8017003}"
EndProject
Global
	GlobalSection(SolutionConfigurationPlatforms) = preSolution
		Debug|Any CPU = Debug|Any CPU
		Release|Any CPU = Release|Any CPU
	EndGlobalSection
	GlobalSection(ProjectConfigurationPlatforms) = postSolution
		{0946C2FD-0481-4CB7-B2E9-D7B0F8017003}.Debug|Any CPU.ActiveCfg = Debug|Any CPU
		{0946C2FD-0481-4CB7-B2E9-D7B0F8017003}.Debug|Any CPU.Build.0 = Debug|Any CPU
		{0946C2FD-0481-4CB7-B2E9-D7B0F8017003}.Release|Any CPU.ActiveCfg = Release|Any CPU
		{0946C2FD-0481-4CB7-B2E9-D7B0F8017003}.Release|Any CPU.Build.0 = Release|Any CPU
	EndGlobalSection
EndGlobal
